// !$*UTF8*$!
{
	archiveVersion = 1;
	classes = {
	};
	objectVersion = 77;
	objects = {

/* Begin PBXBuildFile section */
		1143C9532CB6FA450055C8C9 /* Track.swift in Sources */ = {isa = PBXBuildFile; fileRef = 1143C9522CB6FA340055C8C9 /* Track.swift */; };
		1143C9552CB6FD7C0055C8C9 /* Response.swift in Sources */ = {isa = PBXBuildFile; fileRef = 1143C9542CB6FD700055C8C9 /* Response.swift */; };
		117D40302CC96BE0002C8ABE /* TrackDownloadModel.swift in Sources */ = {isa = PBXBuildFile; fileRef = 117D402F2CC96BE0002C8ABE /* TrackDownloadModel.swift */; };
		11D7235E2CB97659000FA4B5 /* NetworkMonitor.swift in Sources */ = {isa = PBXBuildFile; fileRef = 11D7235D2CB97651000FA4B5 /* NetworkMonitor.swift */; };
		11D723602CB97B0B000FA4B5 /* SearchURLModel.swift in Sources */ = {isa = PBXBuildFile; fileRef = 11D7235F2CB97B03000FA4B5 /* SearchURLModel.swift */; };
/* End PBXBuildFile section */

/* Begin PBXContainerItemProxy section */
		1143C9362CB6F9D00055C8C9 /* PBXContainerItemProxy */ = {
			isa = PBXContainerItemProxy;
			containerPortal = 1143C91D2CB6F9CE0055C8C9 /* Project object */;
			proxyType = 1;
			remoteGlobalIDString = 1143C9242CB6F9CE0055C8C9;
			remoteInfo = ItunesSearch;
		};
		1143C9402CB6F9D00055C8C9 /* PBXContainerItemProxy */ = {
			isa = PBXContainerItemProxy;
			containerPortal = 1143C91D2CB6F9CE0055C8C9 /* Project object */;
			proxyType = 1;
			remoteGlobalIDString = 1143C9242CB6F9CE0055C8C9;
			remoteInfo = ItunesSearch;
		};
/* End PBXContainerItemProxy section */

/* Begin PBXFileReference section */
		1143C9252CB6F9CE0055C8C9 /* ItunesSearch.app */ = {isa = PBXFileReference; explicitFileType = wrapper.application; includeInIndex = 0; path = ItunesSearch.app; sourceTree = BUILT_PRODUCTS_DIR; };
		1143C9352CB6F9D00055C8C9 /* ItunesSearchTests.xctest */ = {isa = PBXFileReference; explicitFileType = wrapper.cfbundle; includeInIndex = 0; path = ItunesSearchTests.xctest; sourceTree = BUILT_PRODUCTS_DIR; };
		1143C93F2CB6F9D00055C8C9 /* ItunesSearchUITests.xctest */ = {isa = PBXFileReference; explicitFileType = wrapper.cfbundle; includeInIndex = 0; path = ItunesSearchUITests.xctest; sourceTree = BUILT_PRODUCTS_DIR; };
		1143C9522CB6FA340055C8C9 /* Track.swift */ = {isa = PBXFileReference; lastKnownFileType = sourcecode.swift; path = Track.swift; sourceTree = "<group>"; };
		1143C9542CB6FD700055C8C9 /* Response.swift */ = {isa = PBXFileReference; lastKnownFileType = sourcecode.swift; path = Response.swift; sourceTree = "<group>"; };
		117D402F2CC96BE0002C8ABE /* TrackDownloadModel.swift */ = {isa = PBXFileReference; lastKnownFileType = sourcecode.swift; path = TrackDownloadModel.swift; sourceTree = "<group>"; };
		11D7235D2CB97651000FA4B5 /* NetworkMonitor.swift */ = {isa = PBXFileReference; lastKnownFileType = sourcecode.swift; path = NetworkMonitor.swift; sourceTree = "<group>"; };
		11D7235F2CB97B03000FA4B5 /* SearchURLModel.swift */ = {isa = PBXFileReference; lastKnownFileType = sourcecode.swift; path = SearchURLModel.swift; sourceTree = "<group>"; };
/* End PBXFileReference section */

/* Begin PBXFileSystemSynchronizedRootGroup section */
		1143C9272CB6F9CE0055C8C9 /* ItunesSearch */ = {
			isa = PBXFileSystemSynchronizedRootGroup;
			path = ItunesSearch;
			sourceTree = "<group>";
		};
		1143C9382CB6F9D00055C8C9 /* ItunesSearchTests */ = {
			isa = PBXFileSystemSynchronizedRootGroup;
			path = ItunesSearchTests;
			sourceTree = "<group>";
		};
		1143C9422CB6F9D00055C8C9 /* ItunesSearchUITests */ = {
			isa = PBXFileSystemSynchronizedRootGroup;
			path = ItunesSearchUITests;
			sourceTree = "<group>";
		};
/* End PBXFileSystemSynchronizedRootGroup section */

/* Begin PBXFrameworksBuildPhase section */
		1143C9222CB6F9CE0055C8C9 /* Frameworks */ = {
			isa = PBXFrameworksBuildPhase;
			buildActionMask = 2147483647;
			files = (
			);
			runOnlyForDeploymentPostprocessing = 0;
		};
		1143C9322CB6F9D00055C8C9 /* Frameworks */ = {
			isa = PBXFrameworksBuildPhase;
			buildActionMask = 2147483647;
			files = (
			);
			runOnlyForDeploymentPostprocessing = 0;
		};
		1143C93C2CB6F9D00055C8C9 /* Frameworks */ = {
			isa = PBXFrameworksBuildPhase;
			buildActionMask = 2147483647;
			files = (
			);
			runOnlyForDeploymentPostprocessing = 0;
		};
/* End PBXFrameworksBuildPhase section */

/* Begin PBXGroup section */
		1143C91C2CB6F9CE0055C8C9 = {
			isa = PBXGroup;
			children = (
				1143C9522CB6FA340055C8C9 /* Track.swift */,
				11D7235D2CB97651000FA4B5 /* NetworkMonitor.swift */,
				11D7235F2CB97B03000FA4B5 /* SearchURLModel.swift */,
				117D402F2CC96BE0002C8ABE /* TrackDownloadModel.swift */,
				1143C9542CB6FD700055C8C9 /* Response.swift */,
				1143C9272CB6F9CE0055C8C9 /* ItunesSearch */,
				1143C9382CB6F9D00055C8C9 /* ItunesSearchTests */,
				1143C9422CB6F9D00055C8C9 /* ItunesSearchUITests */,
				1143C9262CB6F9CE0055C8C9 /* Products */,
			);
			sourceTree = "<group>";
		};
		1143C9262CB6F9CE0055C8C9 /* Products */ = {
			isa = PBXGroup;
			children = (
				1143C9252CB6F9CE0055C8C9 /* ItunesSearch.app */,
				1143C9352CB6F9D00055C8C9 /* ItunesSearchTests.xctest */,
				1143C93F2CB6F9D00055C8C9 /* ItunesSearchUITests.xctest */,
			);
			name = Products;
			sourceTree = "<group>";
		};
/* End PBXGroup section */

/* Begin PBXNativeTarget section */
		1143C9242CB6F9CE0055C8C9 /* ItunesSearch */ = {
			isa = PBXNativeTarget;
			buildConfigurationList = 1143C9492CB6F9D00055C8C9 /* Build configuration list for PBXNativeTarget "ItunesSearch" */;
			buildPhases = (
				1143C9212CB6F9CE0055C8C9 /* Sources */,
				1143C9222CB6F9CE0055C8C9 /* Frameworks */,
				1143C9232CB6F9CE0055C8C9 /* Resources */,
			);
			buildRules = (
			);
			dependencies = (
			);
			fileSystemSynchronizedGroups = (
				1143C9272CB6F9CE0055C8C9 /* ItunesSearch */,
			);
			name = ItunesSearch;
			packageProductDependencies = (
			);
			productName = ItunesSearch;
			productReference = 1143C9252CB6F9CE0055C8C9 /* ItunesSearch.app */;
			productType = "com.apple.product-type.application";
		};
		1143C9342CB6F9D00055C8C9 /* ItunesSearchTests */ = {
			isa = PBXNativeTarget;
			buildConfigurationList = 1143C94C2CB6F9D00055C8C9 /* Build configuration list for PBXNativeTarget "ItunesSearchTests" */;
			buildPhases = (
				1143C9312CB6F9D00055C8C9 /* Sources */,
				1143C9322CB6F9D00055C8C9 /* Frameworks */,
				1143C9332CB6F9D00055C8C9 /* Resources */,
			);
			buildRules = (
			);
			dependencies = (
				1143C9372CB6F9D00055C8C9 /* PBXTargetDependency */,
			);
			fileSystemSynchronizedGroups = (
				1143C9382CB6F9D00055C8C9 /* ItunesSearchTests */,
			);
			name = ItunesSearchTests;
			packageProductDependencies = (
			);
			productName = ItunesSearchTests;
			productReference = 1143C9352CB6F9D00055C8C9 /* ItunesSearchTests.xctest */;
			productType = "com.apple.product-type.bundle.unit-test";
		};
		1143C93E2CB6F9D00055C8C9 /* ItunesSearchUITests */ = {
			isa = PBXNativeTarget;
			buildConfigurationList = 1143C94F2CB6F9D00055C8C9 /* Build configuration list for PBXNativeTarget "ItunesSearchUITests" */;
			buildPhases = (
				1143C93B2CB6F9D00055C8C9 /* Sources */,
				1143C93C2CB6F9D00055C8C9 /* Frameworks */,
				1143C93D2CB6F9D00055C8C9 /* Resources */,
			);
			buildRules = (
			);
			dependencies = (
				1143C9412CB6F9D00055C8C9 /* PBXTargetDependency */,
			);
			fileSystemSynchronizedGroups = (
				1143C9422CB6F9D00055C8C9 /* ItunesSearchUITests */,
			);
			name = ItunesSearchUITests;
			packageProductDependencies = (
			);
			productName = ItunesSearchUITests;
			productReference = 1143C93F2CB6F9D00055C8C9 /* ItunesSearchUITests.xctest */;
			productType = "com.apple.product-type.bundle.ui-testing";
		};
/* End PBXNativeTarget section */

/* Begin PBXProject section */
		1143C91D2CB6F9CE0055C8C9 /* Project object */ = {
			isa = PBXProject;
			attributes = {
				BuildIndependentTargetsInParallel = 1;
				LastSwiftUpdateCheck = 1600;
				LastUpgradeCheck = 1600;
				TargetAttributes = {
					1143C9242CB6F9CE0055C8C9 = {
						CreatedOnToolsVersion = 16.0;
					};
					1143C9342CB6F9D00055C8C9 = {
						CreatedOnToolsVersion = 16.0;
						TestTargetID = 1143C9242CB6F9CE0055C8C9;
					};
					1143C93E2CB6F9D00055C8C9 = {
						CreatedOnToolsVersion = 16.0;
						TestTargetID = 1143C9242CB6F9CE0055C8C9;
					};
				};
			};
			buildConfigurationList = 1143C9202CB6F9CE0055C8C9 /* Build configuration list for PBXProject "ItunesSearch" */;
			developmentRegion = en;
			hasScannedForEncodings = 0;
			knownRegions = (
				en,
				Base,
			);
			mainGroup = 1143C91C2CB6F9CE0055C8C9;
			minimizedProjectReferenceProxies = 1;
			preferredProjectObjectVersion = 77;
			productRefGroup = 1143C9262CB6F9CE0055C8C9 /* Products */;
			projectDirPath = "";
			projectRoot = "";
			targets = (
				1143C9242CB6F9CE0055C8C9 /* ItunesSearch */,
				1143C9342CB6F9D00055C8C9 /* ItunesSearchTests */,
				1143C93E2CB6F9D00055C8C9 /* ItunesSearchUITests */,
			);
		};
/* End PBXProject section */

/* Begin PBXResourcesBuildPhase section */
		1143C9232CB6F9CE0055C8C9 /* Resources */ = {
			isa = PBXResourcesBuildPhase;
			buildActionMask = 2147483647;
			files = (
			);
			runOnlyForDeploymentPostprocessing = 0;
		};
		1143C9332CB6F9D00055C8C9 /* Resources */ = {
			isa = PBXResourcesBuildPhase;
			buildActionMask = 2147483647;
			files = (
			);
			runOnlyForDeploymentPostprocessing = 0;
		};
		1143C93D2CB6F9D00055C8C9 /* Resources */ = {
			isa = PBXResourcesBuildPhase;
			buildActionMask = 2147483647;
			files = (
			);
			runOnlyForDeploymentPostprocessing = 0;
		};
/* End PBXResourcesBuildPhase section */

/* Begin PBXSourcesBuildPhase section */
		1143C9212CB6F9CE0055C8C9 /* Sources */ = {
			isa = PBXSourcesBuildPhase;
			buildActionMask = 2147483647;
			files = (
				1143C9552CB6FD7C0055C8C9 /* Response.swift in Sources */,
				11D7235E2CB97659000FA4B5 /* NetworkMonitor.swift in Sources */,
				117D40302CC96BE0002C8ABE /* TrackDownloadModel.swift in Sources */,
				11D723602CB97B0B000FA4B5 /* SearchURLModel.swift in Sources */,
				1143C9532CB6FA450055C8C9 /* Track.swift in Sources */,
			);
			runOnlyForDeploymentPostprocessing = 0;
		};
		1143C9312CB6F9D00055C8C9 /* Sources */ = {
			isa = PBXSourcesBuildPhase;
			buildActionMask = 2147483647;
			files = (
			);
			runOnlyForDeploymentPostprocessing = 0;
		};
		1143C93B2CB6F9D00055C8C9 /* Sources */ = {
			isa = PBXSourcesBuildPhase;
			buildActionMask = 2147483647;
			files = (
			);
			runOnlyForDeploymentPostprocessing = 0;
		};
/* End PBXSourcesBuildPhase section */

/* Begin PBXTargetDependency section */
		1143C9372CB6F9D00055C8C9 /* PBXTargetDependency */ = {
			isa = PBXTargetDependency;
			target = 1143C9242CB6F9CE0055C8C9 /* ItunesSearch */;
			targetProxy = 1143C9362CB6F9D00055C8C9 /* PBXContainerItemProxy */;
		};
		1143C9412CB6F9D00055C8C9 /* PBXTargetDependency */ = {
			isa = PBXTargetDependency;
			target = 1143C9242CB6F9CE0055C8C9 /* ItunesSearch */;
			targetProxy = 1143C9402CB6F9D00055C8C9 /* PBXContainerItemProxy */;
		};
/* End PBXTargetDependency section */

/* Begin XCBuildConfiguration section */
		1143C9472CB6F9D00055C8C9 /* Debug */ = {
			isa = XCBuildConfiguration;
			buildSettings = {
				ALWAYS_SEARCH_USER_PATHS = NO;
				ASSETCATALOG_COMPILER_GENERATE_SWIFT_ASSET_SYMBOL_EXTENSIONS = YES;
				CLANG_ANALYZER_NONNULL = YES;
				CLANG_ANALYZER_NUMBER_OBJECT_CONVERSION = YES_AGGRESSIVE;
				CLANG_CXX_LANGUAGE_STANDARD = "gnu++20";
				CLANG_ENABLE_MODULES = YES;
				CLANG_ENABLE_OBJC_ARC = YES;
				CLANG_ENABLE_OBJC_WEAK = YES;
				CLANG_WARN_BLOCK_CAPTURE_AUTORELEASING = YES;
				CLANG_WARN_BOOL_CONVERSION = YES;
				CLANG_WARN_COMMA = YES;
				CLANG_WARN_CONSTANT_CONVERSION = YES;
				CLANG_WARN_DEPRECATED_OBJC_IMPLEMENTATIONS = YES;
				CLANG_WARN_DIRECT_OBJC_ISA_USAGE = YES_ERROR;
				CLANG_WARN_DOCUMENTATION_COMMENTS = YES;
				CLANG_WARN_EMPTY_BODY = YES;
				CLANG_WARN_ENUM_CONVERSION = YES;
				CLANG_WARN_INFINITE_RECURSION = YES;
				CLANG_WARN_INT_CONVERSION = YES;
				CLANG_WARN_NON_LITERAL_NULL_CONVERSION = YES;
				CLANG_WARN_OBJC_IMPLICIT_RETAIN_SELF = YES;
				CLANG_WARN_OBJC_LITERAL_CONVERSION = YES;
				CLANG_WARN_OBJC_ROOT_CLASS = YES_ERROR;
				CLANG_WARN_QUOTED_INCLUDE_IN_FRAMEWORK_HEADER = YES;
				CLANG_WARN_RANGE_LOOP_ANALYSIS = YES;
				CLANG_WARN_STRICT_PROTOTYPES = YES;
				CLANG_WARN_SUSPICIOUS_MOVE = YES;
				CLANG_WARN_UNGUARDED_AVAILABILITY = YES_AGGRESSIVE;
				CLANG_WARN_UNREACHABLE_CODE = YES;
				CLANG_WARN__DUPLICATE_METHOD_MATCH = YES;
				COPY_PHASE_STRIP = NO;
				DEBUG_INFORMATION_FORMAT = dwarf;
				ENABLE_STRICT_OBJC_MSGSEND = YES;
				ENABLE_TESTABILITY = YES;
				ENABLE_USER_SCRIPT_SANDBOXING = YES;
				GCC_C_LANGUAGE_STANDARD = gnu17;
				GCC_DYNAMIC_NO_PIC = NO;
				GCC_NO_COMMON_BLOCKS = YES;
				GCC_OPTIMIZATION_LEVEL = 0;
				GCC_PREPROCESSOR_DEFINITIONS = (
					"DEBUG=1",
					"$(inherited)",
				);
				GCC_WARN_64_TO_32_BIT_CONVERSION = YES;
				GCC_WARN_ABOUT_RETURN_TYPE = YES_ERROR;
				GCC_WARN_UNDECLARED_SELECTOR = YES;
				GCC_WARN_UNINITIALIZED_AUTOS = YES_AGGRESSIVE;
				GCC_WARN_UNUSED_FUNCTION = YES;
				GCC_WARN_UNUSED_VARIABLE = YES;
				IPHONEOS_DEPLOYMENT_TARGET = 18.0;
				LOCALIZATION_PREFERS_STRING_CATALOGS = YES;
				MTL_ENABLE_DEBUG_INFO = INCLUDE_SOURCE;
				MTL_FAST_MATH = YES;
				ONLY_ACTIVE_ARCH = YES;
				SDKROOT = iphoneos;
				SWIFT_ACTIVE_COMPILATION_CONDITIONS = "DEBUG $(inherited)";
				SWIFT_OPTIMIZATION_LEVEL = "-Onone";
			};
			name = Debug;
		};
		1143C9482CB6F9D00055C8C9 /* Release */ = {
			isa = XCBuildConfiguration;
			buildSettings = {
				ALWAYS_SEARCH_USER_PATHS = NO;
				ASSETCATALOG_COMPILER_GENERATE_SWIFT_ASSET_SYMBOL_EXTENSIONS = YES;
				CLANG_ANALYZER_NONNULL = YES;
				CLANG_ANALYZER_NUMBER_OBJECT_CONVERSION = YES_AGGRESSIVE;
				CLANG_CXX_LANGUAGE_STANDARD = "gnu++20";
				CLANG_ENABLE_MODULES = YES;
				CLANG_ENABLE_OBJC_ARC = YES;
				CLANG_ENABLE_OBJC_WEAK = YES;
				CLANG_WARN_BLOCK_CAPTURE_AUTORELEASING = YES;
				CLANG_WARN_BOOL_CONVERSION = YES;
				CLANG_WARN_COMMA = YES;
				CLANG_WARN_CONSTANT_CONVERSION = YES;
				CLANG_WARN_DEPRECATED_OBJC_IMPLEMENTATIONS = YES;
				CLANG_WARN_DIRECT_OBJC_ISA_USAGE = YES_ERROR;
				CLANG_WARN_DOCUMENTATION_COMMENTS = YES;
				CLANG_WARN_EMPTY_BODY = YES;
				CLANG_WARN_ENUM_CONVERSION = YES;
				CLANG_WARN_INFINITE_RECURSION = YES;
				CLANG_WARN_INT_CONVERSION = YES;
				CLANG_WARN_NON_LITERAL_NULL_CONVERSION = YES;
				CLANG_WARN_OBJC_IMPLICIT_RETAIN_SELF = YES;
				CLANG_WARN_OBJC_LITERAL_CONVERSION = YES;
				CLANG_WARN_OBJC_ROOT_CLASS = YES_ERROR;
				CLANG_WARN_QUOTED_INCLUDE_IN_FRAMEWORK_HEADER = YES;
				CLANG_WARN_RANGE_LOOP_ANALYSIS = YES;
				CLANG_WARN_STRICT_PROTOTYPES = YES;
				CLANG_WARN_SUSPICIOUS_MOVE = YES;
				CLANG_WARN_UNGUARDED_AVAILABILITY = YES_AGGRESSIVE;
				CLANG_WARN_UNREACHABLE_CODE = YES;
				CLANG_WARN__DUPLICATE_METHOD_MATCH = YES;
				COPY_PHASE_STRIP = NO;
				DEBUG_INFORMATION_FORMAT = "dwarf-with-dsym";
				ENABLE_NS_ASSERTIONS = NO;
				ENABLE_STRICT_OBJC_MSGSEND = YES;
				ENABLE_USER_SCRIPT_SANDBOXING = YES;
				GCC_C_LANGUAGE_STANDARD = gnu17;
				GCC_NO_COMMON_BLOCKS = YES;
				GCC_WARN_64_TO_32_BIT_CONVERSION = YES;
				GCC_WARN_ABOUT_RETURN_TYPE = YES_ERROR;
				GCC_WARN_UNDECLARED_SELECTOR = YES;
				GCC_WARN_UNINITIALIZED_AUTOS = YES_AGGRESSIVE;
				GCC_WARN_UNUSED_FUNCTION = YES;
				GCC_WARN_UNUSED_VARIABLE = YES;
				IPHONEOS_DEPLOYMENT_TARGET = 18.0;
				LOCALIZATION_PREFERS_STRING_CATALOGS = YES;
				MTL_ENABLE_DEBUG_INFO = NO;
				MTL_FAST_MATH = YES;
				SDKROOT = iphoneos;
				SWIFT_COMPILATION_MODE = wholemodule;
				VALIDATE_PRODUCT = YES;
			};
			name = Release;
		};
		1143C94A2CB6F9D00055C8C9 /* Debug */ = {
			isa = XCBuildConfiguration;
			buildSettings = {
				ASSETCATALOG_COMPILER_APPICON_NAME = AppIcon;
				ASSETCATALOG_COMPILER_GLOBAL_ACCENT_COLOR_NAME = AccentColor;
				CODE_SIGN_STYLE = Automatic;
				CURRENT_PROJECT_VERSION = 1;
				DEVELOPMENT_ASSET_PATHS = "\"ItunesSearch/Preview Content\"";
				DEVELOPMENT_TEAM = 295H7F3R3T;
				ENABLE_PREVIEWS = YES;
				GENERATE_INFOPLIST_FILE = YES;
				INFOPLIST_KEY_UIApplicationSceneManifest_Generation = YES;
				INFOPLIST_KEY_UIApplicationSupportsIndirectInputEvents = YES;
				INFOPLIST_KEY_UILaunchScreen_Generation = YES;
				INFOPLIST_KEY_UISupportedInterfaceOrientations_iPad = "UIInterfaceOrientationPortrait UIInterfaceOrientationPortraitUpsideDown UIInterfaceOrientationLandscapeLeft UIInterfaceOrientationLandscapeRight";
				INFOPLIST_KEY_UISupportedInterfaceOrientations_iPhone = "UIInterfaceOrientationPortrait UIInterfaceOrientationLandscapeLeft UIInterfaceOrientationLandscapeRight";
				LD_RUNPATH_SEARCH_PATHS = (
					"$(inherited)",
					"@executable_path/Frameworks",
				);
				MARKETING_VERSION = 1.0;
				PRODUCT_BUNDLE_IDENTIFIER = yes.ItunesSearch;
				PRODUCT_NAME = "$(TARGET_NAME)";
				SWIFT_EMIT_LOC_STRINGS = YES;
				SWIFT_VERSION = 5.0;
				TARGETED_DEVICE_FAMILY = "1,2";
			};
			name = Debug;
		};
		1143C94B2CB6F9D00055C8C9 /* Release */ = {
			isa = XCBuildConfiguration;
			buildSettings = {
				ASSETCATALOG_COMPILER_APPICON_NAME = AppIcon;
				ASSETCATALOG_COMPILER_GLOBAL_ACCENT_COLOR_NAME = AccentColor;
				CODE_SIGN_STYLE = Automatic;
				CURRENT_PROJECT_VERSION = 1;
				DEVELOPMENT_ASSET_PATHS = "\"ItunesSearch/Preview Content\"";
				DEVELOPMENT_TEAM = 295H7F3R3T;
				ENABLE_PREVIEWS = YES;
				GENERATE_INFOPLIST_FILE = YES;
				INFOPLIST_KEY_UIApplicationSceneManifest_Generation = YES;
				INFOPLIST_KEY_UIApplicationSupportsIndirectInputEvents = YES;
				INFOPLIST_KEY_UILaunchScreen_Generation = YES;
				INFOPLIST_KEY_UISupportedInterfaceOrientations_iPad = "UIInterfaceOrientationPortrait UIInterfaceOrientationPortraitUpsideDown UIInterfaceOrientationLandscapeLeft UIInterfaceOrientationLandscapeRight";
				INFOPLIST_KEY_UISupportedInterfaceOrientations_iPhone = "UIInterfaceOrientationPortrait UIInterfaceOrientationLandscapeLeft UIInterfaceOrientationLandscapeRight";
				LD_RUNPATH_SEARCH_PATHS = (
					"$(inherited)",
					"@executable_path/Frameworks",
				);
				MARKETING_VERSION = 1.0;
				PRODUCT_BUNDLE_IDENTIFIER = yes.ItunesSearch;
				PRODUCT_NAME = "$(TARGET_NAME)";
				SWIFT_EMIT_LOC_STRINGS = YES;
				SWIFT_VERSION = 5.0;
				TARGETED_DEVICE_FAMILY = "1,2";
			};
			name = Release;
		};
		1143C94D2CB6F9D00055C8C9 /* Debug */ = {
			isa = XCBuildConfiguration;
			buildSettings = {
				BUNDLE_LOADER = "$(TEST_HOST)";
				CODE_SIGN_STYLE = Automatic;
				CURRENT_PROJECT_VERSION = 1;
				DEVELOPMENT_TEAM = 295H7F3R3T;
				GENERATE_INFOPLIST_FILE = YES;
				IPHONEOS_DEPLOYMENT_TARGET = 18.0;
				MARKETING_VERSION = 1.0;
				PRODUCT_BUNDLE_IDENTIFIER = yes.ItunesSearchTests;
				PRODUCT_NAME = "$(TARGET_NAME)";
				SWIFT_EMIT_LOC_STRINGS = NO;
				SWIFT_VERSION = 5.0;
				TARGETED_DEVICE_FAMILY = "1,2";
				TEST_HOST = "$(BUILT_PRODUCTS_DIR)/ItunesSearch.app/$(BUNDLE_EXECUTABLE_FOLDER_PATH)/ItunesSearch";
			};
			name = Debug;
		};
		1143C94E2CB6F9D00055C8C9 /* Release */ = {
			isa = XCBuildConfiguration;
			buildSettings = {
				BUNDLE_LOADER = "$(TEST_HOST)";
				CODE_SIGN_STYLE = Automatic;
				CURRENT_PROJECT_VERSION = 1;
				DEVELOPMENT_TEAM = 295H7F3R3T;
				GENERATE_INFOPLIST_FILE = YES;
				IPHONEOS_DEPLOYMENT_TARGET = 18.0;
				MARKETING_VERSION = 1.0;
				PRODUCT_BUNDLE_IDENTIFIER = yes.ItunesSearchTests;
				PRODUCT_NAME = "$(TARGET_NAME)";
				SWIFT_EMIT_LOC_STRINGS = NO;
				SWIFT_VERSION = 5.0;
				TARGETED_DEVICE_FAMILY = "1,2";
				TEST_HOST = "$(BUILT_PRODUCTS_DIR)/ItunesSearch.app/$(BUNDLE_EXECUTABLE_FOLDER_PATH)/ItunesSearch";
			};
			name = Release;
		};
		1143C9502CB6F9D00055C8C9 /* Debug */ = {
			isa = XCBuildConfiguration;
			buildSettings = {
				CODE_SIGN_STYLE = Automatic;
				CURRENT_PROJECT_VERSION = 1;
				DEVELOPMENT_TEAM = 295H7F3R3T;
				GENERATE_INFOPLIST_FILE = YES;
				MARKETING_VERSION = 1.0;
				PRODUCT_BUNDLE_IDENTIFIER = yes.ItunesSearchUITests;
				PRODUCT_NAME = "$(TARGET_NAME)";
				SWIFT_EMIT_LOC_STRINGS = NO;
				SWIFT_VERSION = 5.0;
				TARGETED_DEVICE_FAMILY = "1,2";
				TEST_TARGET_NAME = ItunesSearch;
			};
			name = Debug;
		};
		1143C9512CB6F9D00055C8C9 /* Release */ = {
			isa = XCBuildConfiguration;
			buildSettings = {
				CODE_SIGN_STYLE = Automatic;
				CURRENT_PROJECT_VERSION = 1;
				DEVELOPMENT_TEAM = 295H7F3R3T;
				GENERATE_INFOPLIST_FILE = YES;
				MARKETING_VERSION = 1.0;
				PRODUCT_BUNDLE_IDENTIFIER = yes.ItunesSearchUITests;
				PRODUCT_NAME = "$(TARGET_NAME)";
				SWIFT_EMIT_LOC_STRINGS = NO;
				SWIFT_VERSION = 5.0;
				TARGETED_DEVICE_FAMILY = "1,2";
				TEST_TARGET_NAME = ItunesSearch;
			};
			name = Release;
		};
/* End XCBuildConfiguration section */

/* Begin XCConfigurationList section */
		1143C9202CB6F9CE0055C8C9 /* Build configuration list for PBXProject "ItunesSearch" */ = {
			isa = XCConfigurationList;
			buildConfigurations = (
				1143C9472CB6F9D00055C8C9 /* Debug */,
				1143C9482CB6F9D00055C8C9 /* Release */,
			);
			defaultConfigurationIsVisible = 0;
			defaultConfigurationName = Release;
		};
		1143C9492CB6F9D00055C8C9 /* Build configuration list for PBXNativeTarget "ItunesSearch" */ = {
			isa = XCConfigurationList;
			buildConfigurations = (
				1143C94A2CB6F9D00055C8C9 /* Debug */,
				1143C94B2CB6F9D00055C8C9 /* Release */,
			);
			defaultConfigurationIsVisible = 0;
			defaultConfigurationName = Release;
		};
		1143C94C2CB6F9D00055C8C9 /* Build configuration list for PBXNativeTarget "ItunesSearchTests" */ = {
			isa = XCConfigurationList;
			buildConfigurations = (
				1143C94D2CB6F9D00055C8C9 /* Debug */,
				1143C94E2CB6F9D00055C8C9 /* Release */,
			);
			defaultConfigurationIsVisible = 0;
			defaultConfigurationName = Release;
		};
		1143C94F2CB6F9D00055C8C9 /* Build configuration list for PBXNativeTarget "ItunesSearchUITests" */ = {
			isa = XCConfigurationList;
			buildConfigurations = (
				1143C9502CB6F9D00055C8C9 /* Debug */,
				1143C9512CB6F9D00055C8C9 /* Release */,
			);
			defaultConfigurationIsVisible = 0;
			defaultConfigurationName = Release;
		};
/* End XCConfigurationList section */
	};
	rootObject = 1143C91D2CB6F9CE0055C8C9 /* Project object */;
}
